
Microsoft Visual Studio Solution File, Format Version 12.00
# Visual Studio Version 16
VisualStudioVersion = 16.0.30804.86
MinimumVisualStudioVersion = 10.0.40219.1
Project("{FAE04EC0-301F-11D3-BF4B-00C04F79EFBC}") = "ConsoleApp1", "ConsoleApp1\ConsoleApp1.csproj", "{75047885-84EA-46FE-B7AB-D9109E2F8EA3}"
EndProject
Global
	GlobalSection(SolutionConfigurationPlatforms) = preSolution
		Debug|Any CPU = Debug|Any CPU
		Release|Any CPU = Release|Any CPU
	EndGlobalSection
	GlobalSection(ProjectConfigurationPlatforms) = postSolution
		{75047885-84EA-46FE-B7AB-D9109E2F8EA3}.Debug|Any CPU.ActiveCfg = Debug|Any CPU
		{75047885-84EA-46FE-B7AB-D9109E2F8EA3}.Debug|Any CPU.Build.0 = Debug|Any CPU
		{75047885-84EA-46FE-B7AB-D9109E2F8EA3}.Release|Any CPU.ActiveCfg = Release|Any CPU
		{75047885-84EA-46FE-B7AB-D9109E2F8EA3}.Release|Any CPU.Build.0 = Release|Any CPU
	EndGlobalSection
	GlobalSection(SolutionProperties) = preSolution
		HideSolutionNode = FALSE
	EndGlobalSection
	GlobalSection(ExtensibilityGlobals) = postSolution
		SolutionGuid = {A7458D7D-FDFD-44D6-9BFC-73A2925C5C91}
	EndGlobalSection
EndGlobal
