
Microsoft Visual Studio Solution File, Format Version 12.00
# Visual Studio Version 16
VisualStudioVersion = 16.0.30804.86
MinimumVisualStudioVersion = 10.0.40219.1
Project("{8BC9CEB8-8B4A-11D0-8D11-00A0C91BC942}") = "LAB 4", "LAB 4\LAB 4.vcxproj", "{AF9F46A2-BB25-4738-AB4A-34F5FD9A3419}"
EndProject
Global
	GlobalSection(SolutionConfigurationPlatforms) = preSolution
		Debug|x64 = Debug|x64
		Debug|x86 = Debug|x86
		Release|x64 = Release|x64
		Release|x86 = Release|x86
	EndGlobalSection
	GlobalSection(ProjectConfigurationPlatforms) = postSolution
		{AF9F46A2-BB25-4738-AB4A-34F5FD9A3419}.Debug|x64.ActiveCfg = Debug|x64
		{AF9F46A2-BB25-4738-AB4A-34F5FD9A3419}.Debug|x64.Build.0 = Debug|x64
		{AF9F46A2-BB25-4738-AB4A-34F5FD9A3419}.Debug|x86.ActiveCfg = Debug|Win32
		{AF9F46A2-BB25-4738-AB4A-34F5FD9A3419}.Debug|x86.Build.0 = Debug|Win32
		{AF9F46A2-BB25-4738-AB4A-34F5FD9A3419}.Release|x64.ActiveCfg = Release|x64
		{AF9F46A2-BB25-4738-AB4A-34F5FD9A3419}.Release|x64.Build.0 = Release|x64
		{AF9F46A2-BB25-4738-AB4A-34F5FD9A3419}.Release|x86.ActiveCfg = Release|Win32
		{AF9F46A2-BB25-4738-AB4A-34F5FD9A3419}.Release|x86.Build.0 = Release|Win32
	EndGlobalSection
	GlobalSection(SolutionProperties) = preSolution
		HideSolutionNode = FALSE
	EndGlobalSection
	GlobalSection(ExtensibilityGlobals) = postSolution
		SolutionGuid = {F95D8EC6-D91D-40EA-A46C-806F2E3BEB10}
	EndGlobalSection
EndGlobal
